
Microsoft Visual Studio Solution File, Format Version 12.00
# Visual Studio Version 18
VisualStudioVersion = 18.7.11925.98
MinimumVisualStudioVersion = 10.0.40219.1
Project("{2150E333-8FDC-42A3-9474-1A3956D46DE8}") = "1.WebApi", "1.WebApi", "{EBF1040D-F2D0-4F1A-B5F8-5239D1F64971}"
EndProject
Project("{2150E333-8FDC-42A3-9474-1A3956D46DE8}") = "2.Application", "2.Application", "{12E54B47-26F2-495B-9159-A340DA1068C7}"
EndProject
Project("{2150E333-8FDC-42A3-9474-1A3956D46DE8}") = "3.Domain", "3.Domain", "{B3A75237-5888-4F02-8E2C-940FA4068A3C}"
EndProject
Project("{2150E333-8FDC-42A3-9474-1A3956D46DE8}") = "4.Infrastructure", "4.Infrastructure", "{55FEED0B-6579-47BE-AC52-30639511D064}"
EndProject
Project("{2150E333-8FDC-42A3-9474-1A3956D46DE8}") = "5.Commons", "5.Commons", "{A9860BAE-F023-4486-A064-D89B6792FA96}"
EndProject
Project("{2150E333-8FDC-42A3-9474-1A3956D46DE8}") = "7.Tests", "7.Tests", "{1C315233-BF28-44DE-95D2-4B777F5A203F}"
EndProject
Project("{FAE04EC0-301F-11D3-BF4B-00C04F79EFBC}") = "UltraHotel.WebApi", "UltraHotel.WebApi\UltraHotel.WebApi.csproj", "{CAA24258-863A-4B73-B0A3-FF497798ADCA}"
EndProject
Project("{FAE04EC0-301F-11D3-BF4B-00C04F79EFBC}") = "UltraHotel.Application", "UltraHotel.Application\UltraHotel.Application.csproj", "{8193F46B-5DD9-45C1-860A-6F3723FF67F7}"
EndProject
Project("{FAE04EC0-301F-11D3-BF4B-00C04F79EFBC}") = "UltraHotel.Domain", "UltraHotel.Domain\UltraHotel.Domain.csproj", "{024D77F0-91A3-4652-AC14-34E3F2470EC0}"
EndProject
Project("{FAE04EC0-301F-11D3-BF4B-00C04F79EFBC}") = "UltraHotel.Infrastructure", "UltraHotel.Infrastructure\UltraHotel.Infrastructure.csproj", "{B7CDEA59-76E1-4163-8A56-71E0535A3776}"
EndProject
Project("{FAE04EC0-301F-11D3-BF4B-00C04F79EFBC}") = "UltraHotel.Commons", "UltraHotel.Commons\UltraHotel.Commons.csproj", "{1EA289FB-88E8-47EF-8FF0-E8E4D8D4E87A}"
EndProject
Project("{FAE04EC0-301F-11D3-BF4B-00C04F79EFBC}") = "UltraHotel.Tests.Unit", "UltraHotel.Tests.Unit\UltraHotel.Tests.Unit.csproj", "{3CEC0793-9D7C-4BDB-A0E0-9783A45EA622}"
EndProject
Global
	GlobalSection(SolutionConfigurationPlatforms) = preSolution
		Debug|Any CPU = Debug|Any CPU
		Debug|x64 = Debug|x64
		Debug|x86 = Debug|x86
		Release|Any CPU = Release|Any CPU
		Release|x64 = Release|x64
		Release|x86 = Release|x86
	EndGlobalSection
	GlobalSection(ProjectConfigurationPlatforms) = postSolution
		{CAA24258-863A-4B73-B0A3-FF497798ADCA}.Debug|Any CPU.ActiveCfg = Debug|Any CPU
		{CAA24258-863A-4B73-B0A3-FF497798ADCA}.Debug|Any CPU.Build.0 = Debug|Any CPU
		{CAA24258-863A-4B73-B0A3-FF497798ADCA}.Debug|x64.ActiveCfg = Debug|Any CPU
		{CAA24258-863A-4B73-B0A3-FF497798ADCA}.Debug|x64.Build.0 = Debug|Any CPU
		{CAA24258-863A-4B73-B0A3-FF497798ADCA}.Debug|x86.ActiveCfg = Debug|Any CPU
		{CAA24258-863A-4B73-B0A3-FF497798ADCA}.Debug|x86.Build.0 = Debug|Any CPU
		{CAA24258-863A-4B73-B0A3-FF497798ADCA}.Release|Any CPU.ActiveCfg = Release|Any CPU
		{CAA24258-863A-4B73-B0A3-FF497798ADCA}.Release|Any CPU.Build.0 = Release|Any CPU
		{CAA24258-863A-4B73-B0A3-FF497798ADCA}.Release|x64.ActiveCfg = Release|Any CPU
		{CAA24258-863A-4B73-B0A3-FF497798ADCA}.Release|x64.Build.0 = Release|Any CPU
		{CAA24258-863A-4B73-B0A3-FF497798ADCA}.Release|x86.ActiveCfg = Release|Any CPU
		{CAA24258-863A-4B73-B0A3-FF497798ADCA}.Release|x86.Build.0 = Release|Any CPU
		{8193F46B-5DD9-45C1-860A-6F3723FF67F7}.Debug|Any CPU.ActiveCfg = Debug|Any CPU
		{8193F46B-5DD9-45C1-860A-6F3723FF67F7}.Debug|Any CPU.Build.0 = Debug|Any CPU
		{8193F46B-5DD9-45C1-860A-6F3723FF67F7}.Debug|x64.ActiveCfg = Debug|Any CPU
		{8193F46B-5DD9-45C1-860A-6F3723FF67F7}.Debug|x64.Build.0 = Debug|Any CPU
		{8193F46B-5DD9-45C1-860A-6F3723FF67F7}.Debug|x86.ActiveCfg = Debug|Any CPU
		{8193F46B-5DD9-45C1-860A-6F3723FF67F7}.Debug|x86.Build.0 = Debug|Any CPU
		{8193F46B-5DD9-45C1-860A-6F3723FF67F7}.Release|Any CPU.ActiveCfg = Release|Any CPU
		{8193F46B-5DD9-45C1-860A-6F3723FF67F7}.Release|Any CPU.Build.0 = Release|Any CPU
		{8193F46B-5DD9-45C1-860A-6F3723FF67F7}.Release|x64.ActiveCfg = Release|Any CPU
		{8193F46B-5DD9-45C1-860A-6F3723FF67F7}.Release|x64.Build.0 = Release|Any CPU
		{8193F46B-5DD9-45C1-860A-6F3723FF67F7}.Release|x86.ActiveCfg = Release|Any CPU
		{8193F46B-5DD9-45C1-860A-6F3723FF67F7}.Release|x86.Build.0 = Release|Any CPU
		{024D77F0-91A3-4652-AC14-34E3F2470EC0}.Debug|Any CPU.ActiveCfg = Debug|Any CPU
		{024D77F0-91A3-4652-AC14-34E3F2470EC0}.Debug|Any CPU.Build.0 = Debug|Any CPU
		{024D77F0-91A3-4652-AC14-34E3F2470EC0}.Debug|x64.ActiveCfg = Debug|Any CPU
		{024D77F0-91A3-4652-AC14-34E3F2470EC0}.Debug|x64.Build.0 = Debug|Any CPU
		{024D77F0-91A3-4652-AC14-34E3F2470EC0}.Debug|x86.ActiveCfg = Debug|Any CPU
		{024D77F0-91A3-4652-AC14-34E3F2470EC0}.Debug|x86.Build.0 = Debug|Any CPU
		{024D77F0-91A3-4652-AC14-34E3F2470EC0}.Release|Any CPU.ActiveCfg = Release|Any CPU
		{024D77F0-91A3-4652-AC14-34E3F2470EC0}.Release|Any CPU.Build.0 = Release|Any CPU
		{024D77F0-91A3-4652-AC14-34E3F2470EC0}.Release|x64.ActiveCfg = Release|Any CPU
		{024D77F0-91A3-4652-AC14-34E3F2470EC0}.Release|x64.Build.0 = Release|Any CPU
		{024D77F0-91A3-4652-AC14-34E3F2470EC0}.Release|x86.ActiveCfg = Release|Any CPU
		{024D77F0-91A3-4652-AC14-34E3F2470EC0}.Release|x86.Build.0 = Release|Any CPU
		{B7CDEA59-76E1-4163-8A56-71E0535A3776}.Debug|Any CPU.ActiveCfg = Debug|Any CPU
		{B7CDEA59-76E1-4163-8A56-71E0535A3776}.Debug|Any CPU.Build.0 = Debug|Any CPU
		{B7CDEA59-76E1-4163-8A56-71E0535A3776}.Debug|x64.ActiveCfg = Debug|Any CPU
		{B7CDEA59-76E1-4163-8A56-71E0535A3776}.Debug|x64.Build.0 = Debug|Any CPU
		{B7CDEA59-76E1-4163-8A56-71E0535A3776}.Debug|x86.ActiveCfg = Debug|Any CPU
		{B7CDEA59-76E1-4163-8A56-71E0535A3776}.Debug|x86.Build.0 = Debug|Any CPU
		{B7CDEA59-76E1-4163-8A56-71E0535A3776}.Release|Any CPU.ActiveCfg = Release|Any CPU
		{B7CDEA59-76E1-4163-8A56-71E0535A3776}.Release|Any CPU.Build.0 = Release|Any CPU
		{B7CDEA59-76E1-4163-8A56-71E0535A3776}.Release|x64.ActiveCfg = Release|Any CPU
		{B7CDEA59-76E1-4163-8A56-71E0535A3776}.Release|x64.Build.0 = Release|Any CPU
		{B7CDEA59-76E1-4163-8A56-71E0535A3776}.Release|x86.ActiveCfg = Release|Any CPU
		{B7CDEA59-76E1-4163-8A56-71E0535A3776}.Release|x86.Build.0 = Release|Any CPU
		{1EA289FB-88E8-47EF-8FF0-E8E4D8D4E87A}.Debug|Any CPU.ActiveCfg = Debug|Any CPU
		{1EA289FB-88E8-47EF-8FF0-E8E4D8D4E87A}.Debug|Any CPU.Build.0 = Debug|Any CPU
		{1EA289FB-88E8-47EF-8FF0-E8E4D8D4E87A}.Debug|x64.ActiveCfg = Debug|Any CPU
		{1EA289FB-88E8-47EF-8FF0-E8E4D8D4E87A}.Debug|x64.Build.0 = Debug|Any CPU
		{1EA289FB-88E8-47EF-8FF0-E8E4D8D4E87A}.Debug|x86.ActiveCfg = Debug|Any CPU
		{1EA289FB-88E8-47EF-8FF0-E8E4D8D4E87A}.Debug|x86.Build.0 = Debug|Any CPU
		{1EA289FB-88E8-47EF-8FF0-E8E4D8D4E87A}.Release|Any CPU.ActiveCfg = Release|Any CPU
		{1EA289FB-88E8-47EF-8FF0-E8E4D8D4E87A}.Release|Any CPU.Build.0 = Release|Any CPU
		{1EA289FB-88E8-47EF-8FF0-E8E4D8D4E87A}.Release|x64.ActiveCfg = Release|Any CPU
		{1EA289FB-88E8-47EF-8FF0-E8E4D8D4E87A}.Release|x64.Build.0 = Release|Any CPU
		{1EA289FB-88E8-47EF-8FF0-E8E4D8D4E87A}.Release|x86.ActiveCfg = Release|Any CPU
		{1EA289FB-88E8-47EF-8FF0-E8E4D8D4E87A}.Release|x86.Build.0 = Release|Any CPU
		{3CEC0793-9D7C-4BDB-A0E0-9783A45EA622}.Debug|Any CPU.ActiveCfg = Debug|Any CPU
		{3CEC0793-9D7C-4BDB-A0E0-9783A45EA622}.Debug|Any CPU.Build.0 = Debug|Any CPU
		{3CEC0793-9D7C-4BDB-A0E0-9783A45EA622}.Debug|x64.ActiveCfg = Debug|Any CPU
		{3CEC0793-9D7C-4BDB-A0E0-9783A45EA622}.Debug|x64.Build.0 = Debug|Any CPU
		{3CEC0793-9D7C-4BDB-A0E0-9783A45EA622}.Debug|x86.ActiveCfg = Debug|Any CPU
		{3CEC0793-9D7C-4BDB-A0E0-9783A45EA622}.Debug|x86.Build.0 = Debug|Any CPU
		{3CEC0793-9D7C-4BDB-A0E0-9783A45EA622}.Release|Any CPU.ActiveCfg = Release|Any CPU
		{3CEC0793-9D7C-4BDB-A0E0-9783A45EA622}.Release|Any CPU.Build.0 = Release|Any CPU
		{3CEC0793-9D7C-4BDB-A0E0-9783A45EA622}.Release|x64.ActiveCfg = Release|Any CPU
		{3CEC0793-9D7C-4BDB-A0E0-9783A45EA622}.Release|x64.Build.0 = Release|Any CPU
		{3CEC0793-9D7C-4BDB-A0E0-9783A45EA622}.Release|x86.ActiveCfg = Release|Any CPU
		{3CEC0793-9D7C-4BDB-A0E0-9783A45EA622}.Release|x86.Build.0 = Release|Any CPU
	EndGlobalSection
	GlobalSection(SolutionProperties) = preSolution
		HideSolutionNode = FALSE
	EndGlobalSection
	GlobalSection(NestedProjects) = preSolution
		{CAA24258-863A-4B73-B0A3-FF497798ADCA} = {EBF1040D-F2D0-4F1A-B5F8-5239D1F64971}
		{8193F46B-5DD9-45C1-860A-6F3723FF67F7} = {12E54B47-26F2-495B-9159-A340DA1068C7}
		{024D77F0-91A3-4652-AC14-34E3F2470EC0} = {B3A75237-5888-4F02-8E2C-940FA4068A3C}
		{B7CDEA59-76E1-4163-8A56-71E0535A3776} = {55FEED0B-6579-47BE-AC52-30639511D064}
		{1EA289FB-88E8-47EF-8FF0-E8E4D8D4E87A} = {A9860BAE-F023-4486-A064-D89B6792FA96}
		{3CEC0793-9D7C-4BDB-A0E0-9783A45EA622} = {1C315233-BF28-44DE-95D2-4B777F5A203F}
	EndGlobalSection
	GlobalSection(ExtensibilityGlobals) = postSolution
		SolutionGuid = {375751E7-2B3E-428A-B607-93F69DC657B3}
	EndGlobalSection
EndGlobal
